
Microsoft Visual Studio Solution File, Format Version 12.00
# Visual Studio 15
VisualStudioVersion = 15.0.27130.0
MinimumVisualStudioVersion = 10.0.40219.1
Project("{FAE04EC0-301F-11D3-BF4B-00C04F79EFBC}") = "Compute.Cli", "Compute.Cli\Compute.Cli.csproj", "{8B8F7349-EA6A-4211-AB2B-FE8FB914E7D7}"
EndProject
Global
	GlobalSection(SolutionConfigurationPlatforms) = preSolution
		Debug|Any CPU = Debug|Any CPU
		Release|Any CPU = Release|Any CPU
	EndGlobalSection
	GlobalSection(ProjectConfigurationPlatforms) = postSolution
		{8B8F7349-EA6A-4211-AB2B-FE8FB914E7D7}.Debug|Any CPU.ActiveCfg = Debug|Any CPU
		{8B8F7349-EA6A-4211-AB2B-FE8FB914E7D7}.Debug|Any CPU.Build.0 = Debug|Any CPU
		{8B8F7349-EA6A-4211-AB2B-FE8FB914E7D7}.Release|Any CPU.ActiveCfg = Release|Any CPU
		{8B8F7349-EA6A-4211-AB2B-FE8FB914E7D7}.Release|Any CPU.Build.0 = Release|Any CPU
	EndGlobalSection
	GlobalSection(SolutionProperties) = preSolution
		HideSolutionNode = FALSE
	EndGlobalSection
	GlobalSection(ExtensibilityGlobals) = postSolution
		SolutionGuid = {6D84DCDB-BCFE-40E5-A4F8-09D79BEC490F}
	EndGlobalSection
EndGlobal
